
Microsoft Visual Studio Solution File, Format Version 12.00
# Visual Studio Version 17
VisualStudioVersion = 17.9.34728.123
MinimumVisualStudioVersion = 10.0.40219.1
Project("{FAE04EC0-301F-11D3-BF4B-00C04F79EFBC}") = "Encapsulamento", "Encapsulamento\Encapsulamento.csproj", "{C6345AE0-F087-4EF5-95B3-AEFC4F52723B}"
EndProject
Global
	GlobalSection(SolutionConfigurationPlatforms) = preSolution
		Debug|Any CPU = Debug|Any CPU
		Release|Any CPU = Release|Any CPU
	EndGlobalSection
	GlobalSection(ProjectConfigurationPlatforms) = postSolution
		{C6345AE0-F087-4EF5-95B3-AEFC4F52723B}.Debug|Any CPU.ActiveCfg = Debug|Any CPU
		{C6345AE0-F087-4EF5-95B3-AEFC4F52723B}.Debug|Any CPU.Build.0 = Debug|Any CPU
		{C6345AE0-F087-4EF5-95B3-AEFC4F52723B}.Release|Any CPU.ActiveCfg = Release|Any CPU
		{C6345AE0-F087-4EF5-95B3-AEFC4F52723B}.Release|Any CPU.Build.0 = Release|Any CPU
	EndGlobalSection
	GlobalSection(SolutionProperties) = preSolution
		HideSolutionNode = FALSE
	EndGlobalSection
	GlobalSection(ExtensibilityGlobals) = postSolution
		SolutionGuid = {BB3FEFBE-1302-4635-94BA-838D405FF6A1}
	EndGlobalSection
EndGlobal
